
Microsoft Visual Studio Solution File, Format Version 12.00
# Visual Studio Version 16
VisualStudioVersion = 16.0.29519.87
MinimumVisualStudioVersion = 10.0.40219.1
Project("{FAE04EC0-301F-11D3-BF4B-00C04F79EFBC}") = "LocationHunter.WebApi", "LocationHunter.WebApi\LocationHunter.WebApi.csproj", "{90307AB0-41B0-4847-AF1A-0FA57C3ED403}"
EndProject
Project("{FAE04EC0-301F-11D3-BF4B-00C04F79EFBC}") = "LocationHunter.Core", "LocationHunter.Core\LocationHunter.Core.csproj", "{9A960E22-B800-4E44-9FFE-C7A3D90BCD34}"
EndProject
Project("{FAE04EC0-301F-11D3-BF4B-00C04F79EFBC}") = "LocationHunter.Dal", "LocationHunter.Dll\LocationHunter.Dal.csproj", "{F93A5C7C-D553-42D0-8D9B-00346AA16030}"
EndProject
Global
	GlobalSection(SolutionConfigurationPlatforms) = preSolution
		Debug|Any CPU = Debug|Any CPU
		Release|Any CPU = Release|Any CPU
	EndGlobalSection
	GlobalSection(ProjectConfigurationPlatforms) = postSolution
		{90307AB0-41B0-4847-AF1A-0FA57C3ED403}.Debug|Any CPU.ActiveCfg = Debug|Any CPU
		{90307AB0-41B0-4847-AF1A-0FA57C3ED403}.Debug|Any CPU.Build.0 = Debug|Any CPU
		{90307AB0-41B0-4847-AF1A-0FA57C3ED403}.Release|Any CPU.ActiveCfg = Release|Any CPU
		{90307AB0-41B0-4847-AF1A-0FA57C3ED403}.Release|Any CPU.Build.0 = Release|Any CPU
		{9A960E22-B800-4E44-9FFE-C7A3D90BCD34}.Debug|Any CPU.ActiveCfg = Debug|Any CPU
		{9A960E22-B800-4E44-9FFE-C7A3D90BCD34}.Debug|Any CPU.Build.0 = Debug|Any CPU
		{9A960E22-B800-4E44-9FFE-C7A3D90BCD34}.Release|Any CPU.ActiveCfg = Release|Any CPU
		{9A960E22-B800-4E44-9FFE-C7A3D90BCD34}.Release|Any CPU.Build.0 = Release|Any CPU
		{F93A5C7C-D553-42D0-8D9B-00346AA16030}.Debug|Any CPU.ActiveCfg = Debug|Any CPU
		{F93A5C7C-D553-42D0-8D9B-00346AA16030}.Debug|Any CPU.Build.0 = Debug|Any CPU
		{F93A5C7C-D553-42D0-8D9B-00346AA16030}.Release|Any CPU.ActiveCfg = Release|Any CPU
		{F93A5C7C-D553-42D0-8D9B-00346AA16030}.Release|Any CPU.Build.0 = Release|Any CPU
	EndGlobalSection
	GlobalSection(SolutionProperties) = preSolution
		HideSolutionNode = FALSE
	EndGlobalSection
	GlobalSection(ExtensibilityGlobals) = postSolution
		SolutionGuid = {8C00CCEF-CCF3-4527-B4C9-AA5D1AABF90E}
	EndGlobalSection
EndGlobal
